# This file is automatically @generated by Cargo.
# It is not intended for manual editing.
version = 4

[[package]]
name = "algebra"
version = "0.1.0"

[[package]]
name = "common"
version = "0.1.0"

[[package]]
name = "data_structure"
version = "0.1.0"

[[package]]
name = "linear_algebra"
version = "0.1.0"

[[package]]
name = "number_theory"
version = "0.1.0"

[[package]]
name = "sort"
version = "0.1.0"
